
Microsoft Visual Studio Solution File, Format Version 12.00
# Visual Studio Version 17
VisualStudioVersion = 17.11.35327.3
MinimumVisualStudioVersion = 10.0.40219.1
Project("{FAE04EC0-301F-11D3-BF4B-00C04F79EFBC}") = "ConsumoAPI3P", "ConsumoAPI3P\ConsumoAPI3P.csproj", "{99EEEB89-ECEB-43BE-8C00-3667B5EB7FFC}"
EndProject
Global
	GlobalSection(SolutionConfigurationPlatforms) = preSolution
		Debug|Any CPU = Debug|Any CPU
		Release|Any CPU = Release|Any CPU
	EndGlobalSection
	GlobalSection(ProjectConfigurationPlatforms) = postSolution
		{99EEEB89-ECEB-43BE-8C00-3667B5EB7FFC}.Debug|Any CPU.ActiveCfg = Debug|Any CPU
		{99EEEB89-ECEB-43BE-8C00-3667B5EB7FFC}.Debug|Any CPU.Build.0 = Debug|Any CPU
		{99EEEB89-ECEB-43BE-8C00-3667B5EB7FFC}.Release|Any CPU.ActiveCfg = Release|Any CPU
		{99EEEB89-ECEB-43BE-8C00-3667B5EB7FFC}.Release|Any CPU.Build.0 = Release|Any CPU
	EndGlobalSection
	GlobalSection(SolutionProperties) = preSolution
		HideSolutionNode = FALSE
	EndGlobalSection
	GlobalSection(ExtensibilityGlobals) = postSolution
		SolutionGuid = {F642A1DC-AA10-4180-B598-5920BF0642C0}
	EndGlobalSection
EndGlobal
